
Microsoft Visual Studio Solution File, Format Version 12.00
# Visual Studio Version 16
VisualStudioVersion = 16.0.30523.141
MinimumVisualStudioVersion = 10.0.40219.1
Project("{FAE04EC0-301F-11D3-BF4B-00C04F79EFBC}") = "300958687(kim)_Lab2", "300958687(kim)_Lab2.csproj", "{CBF24D72-6F8F-401B-9D74-3FD4C1B079CA}"
EndProject
Global
	GlobalSection(SolutionConfigurationPlatforms) = preSolution
		Debug|Any CPU = Debug|Any CPU
		Release|Any CPU = Release|Any CPU
	EndGlobalSection
	GlobalSection(ProjectConfigurationPlatforms) = postSolution
		{CBF24D72-6F8F-401B-9D74-3FD4C1B079CA}.Debug|Any CPU.ActiveCfg = Debug|Any CPU
		{CBF24D72-6F8F-401B-9D74-3FD4C1B079CA}.Debug|Any CPU.Build.0 = Debug|Any CPU
		{CBF24D72-6F8F-401B-9D74-3FD4C1B079CA}.Release|Any CPU.ActiveCfg = Release|Any CPU
		{CBF24D72-6F8F-401B-9D74-3FD4C1B079CA}.Release|Any CPU.Build.0 = Release|Any CPU
	EndGlobalSection
	GlobalSection(SolutionProperties) = preSolution
		HideSolutionNode = FALSE
	EndGlobalSection
	GlobalSection(ExtensibilityGlobals) = postSolution
		SolutionGuid = {62A3426B-446C-4E24-9605-AC984B97C05E}
	EndGlobalSection
EndGlobal
